
Microsoft Visual Studio Solution File, Format Version 12.00
# Visual Studio Version 16
VisualStudioVersion = 16.0.31515.178
MinimumVisualStudioVersion = 10.0.40219.1
Project("{2150E333-8FDC-42A3-9474-1A3956D46DE8}") = "Library", "Library", "{9772DB5F-4876-4BB5-93FD-403BF42CF5AB}"
EndProject
Project("{9A19103F-16F7-4668-BE54-9A1E7A4F7556}") = "EasyX.Crud.Api", "library\EasyX.Crud.Api\EasyX.Crud.Api.csproj", "{CB8A6D9F-3520-4A5E-B51C-22802FEF0049}"
EndProject
Project("{9A19103F-16F7-4668-BE54-9A1E7A4F7556}") = "EasyX.Data.Api", "library\EasyX.Data.Api\EasyX.Data.Api.csproj", "{5AEB1A11-CF8C-43FB-B27F-77BFBF63637D}"
EndProject
Project("{9A19103F-16F7-4668-BE54-9A1E7A4F7556}") = "EasyX.Data.Core", "library\EasyX.Data.Core\EasyX.Data.Core.csproj", "{25993479-0271-444F-B939-82C99F4D8FFD}"
EndProject
Project("{9A19103F-16F7-4668-BE54-9A1E7A4F7556}") = "EasyX.Data.EF", "library\EasyX.Data.EF\EasyX.Data.EF.csproj", "{1F29DC11-CDE6-4295-BE5E-79626247ADF3}"
EndProject
Project("{9A19103F-16F7-4668-BE54-9A1E7A4F7556}") = "EasyX.ModelService", "library\EasyX.Data.ModelService\EasyX.ModelService.csproj", "{822A5B7B-58FC-475C-BA43-2CD9310CE7F3}"
EndProject
Project("{2150E333-8FDC-42A3-9474-1A3956D46DE8}") = "App", "App", "{B5290F1B-492D-45BF-B2E5-AC1C78554377}"
EndProject
Project("{2150E333-8FDC-42A3-9474-1A3956D46DE8}") = "UAC", "UAC", "{74C6938E-F6A0-48D9-943B-8A03B50E6B30}"
EndProject
Project("{9A19103F-16F7-4668-BE54-9A1E7A4F7556}") = "UAC.Storage", "app\UAC\UAC.Storage\UAC.Storage.csproj", "{0840C9B7-7ADD-427B-850C-95E216CEDEBB}"
EndProject
Project("{9A19103F-16F7-4668-BE54-9A1E7A4F7556}") = "UAC.Share", "app\UAC\UAC.Share\UAC.Share.csproj", "{82D9B1D5-5091-4C53-A6F2-E5651F813745}"
EndProject
Project("{9A19103F-16F7-4668-BE54-9A1E7A4F7556}") = "UAC.Api", "app\UAC\UAC.Api\UAC.Api.csproj", "{8DB5C0C7-2925-49BF-A64D-07ABB80A39C1}"
EndProject
Project("{9A19103F-16F7-4668-BE54-9A1E7A4F7556}") = "EasyX.WebApi", "library\EasyX.WebApi\EasyX.WebApi.csproj", "{9B2072C9-F068-4957-A35A-0C5DF4069C33}"
EndProject
Project("{9A19103F-16F7-4668-BE54-9A1E7A4F7556}") = "EasyX.Infra", "library\EasyX.Infra\EasyX.Infra.csproj", "{EBBB1EA4-2EC9-4512-BF52-BC7A885256BB}"
EndProject
Project("{9A19103F-16F7-4668-BE54-9A1E7A4F7556}") = "EasyX.Http", "library\EasyX.Http\EasyX.Http.csproj", "{F4617F92-22DF-42E9-8E4E-F124CDBF992D}"
EndProject
Project("{9A19103F-16F7-4668-BE54-9A1E7A4F7556}") = "UAC.Proxy", "app\UAC\UAC.Proxy\UAC.Proxy.csproj", "{4881CA49-5882-41CF-9306-76A2AAD83189}"
EndProject
Project("{2150E333-8FDC-42A3-9474-1A3956D46DE8}") = "Organization", "Organization", "{51DFF5F4-4789-4979-99D2-2FA0CD0F93BC}"
EndProject
Project("{FAE04EC0-301F-11D3-BF4B-00C04F79EFBC}") = "Organization.Share", "app\Organization\Organization.Share\Organization.Share.csproj", "{E9139D3C-29A4-42D6-BBDF-F3C47FEB0FFD}"
EndProject
Project("{2150E333-8FDC-42A3-9474-1A3956D46DE8}") = "Person", "Person", "{6F665252-77AF-4D75-8835-CB03C8A7358E}"
EndProject
Project("{FAE04EC0-301F-11D3-BF4B-00C04F79EFBC}") = "Person.Share", "app\Person\Person.Share\Person.Share.csproj", "{042F02A4-810A-45F2-BF8C-2998E646505A}"
EndProject
Project("{FAE04EC0-301F-11D3-BF4B-00C04F79EFBC}") = "Person.Storage", "app\Person\Person.Storage\Person.Storage.csproj", "{F5A6B8E9-4217-4FFC-B1E6-CF4605A55502}"
EndProject
Project("{FAE04EC0-301F-11D3-BF4B-00C04F79EFBC}") = "Person.Api", "app\Person\Person.Api\Person.Api.csproj", "{EC173C7D-CFD0-44BA-BCAB-DC5BA198F44E}"
EndProject
Global
	GlobalSection(SolutionConfigurationPlatforms) = preSolution
		Debug|Any CPU = Debug|Any CPU
		Release|Any CPU = Release|Any CPU
	EndGlobalSection
	GlobalSection(ProjectConfigurationPlatforms) = postSolution
		{CB8A6D9F-3520-4A5E-B51C-22802FEF0049}.Debug|Any CPU.ActiveCfg = Debug|Any CPU
		{CB8A6D9F-3520-4A5E-B51C-22802FEF0049}.Debug|Any CPU.Build.0 = Debug|Any CPU
		{CB8A6D9F-3520-4A5E-B51C-22802FEF0049}.Release|Any CPU.ActiveCfg = Release|Any CPU
		{CB8A6D9F-3520-4A5E-B51C-22802FEF0049}.Release|Any CPU.Build.0 = Release|Any CPU
		{5AEB1A11-CF8C-43FB-B27F-77BFBF63637D}.Debug|Any CPU.ActiveCfg = Debug|Any CPU
		{5AEB1A11-CF8C-43FB-B27F-77BFBF63637D}.Debug|Any CPU.Build.0 = Debug|Any CPU
		{5AEB1A11-CF8C-43FB-B27F-77BFBF63637D}.Release|Any CPU.ActiveCfg = Release|Any CPU
		{5AEB1A11-CF8C-43FB-B27F-77BFBF63637D}.Release|Any CPU.Build.0 = Release|Any CPU
		{25993479-0271-444F-B939-82C99F4D8FFD}.Debug|Any CPU.ActiveCfg = Debug|Any CPU
		{25993479-0271-444F-B939-82C99F4D8FFD}.Debug|Any CPU.Build.0 = Debug|Any CPU
		{25993479-0271-444F-B939-82C99F4D8FFD}.Release|Any CPU.ActiveCfg = Release|Any CPU
		{25993479-0271-444F-B939-82C99F4D8FFD}.Release|Any CPU.Build.0 = Release|Any CPU
		{1F29DC11-CDE6-4295-BE5E-79626247ADF3}.Debug|Any CPU.ActiveCfg = Debug|Any CPU
		{1F29DC11-CDE6-4295-BE5E-79626247ADF3}.Debug|Any CPU.Build.0 = Debug|Any CPU
		{1F29DC11-CDE6-4295-BE5E-79626247ADF3}.Release|Any CPU.ActiveCfg = Release|Any CPU
		{1F29DC11-CDE6-4295-BE5E-79626247ADF3}.Release|Any CPU.Build.0 = Release|Any CPU
		{822A5B7B-58FC-475C-BA43-2CD9310CE7F3}.Debug|Any CPU.ActiveCfg = Debug|Any CPU
		{822A5B7B-58FC-475C-BA43-2CD9310CE7F3}.Debug|Any CPU.Build.0 = Debug|Any CPU
		{822A5B7B-58FC-475C-BA43-2CD9310CE7F3}.Release|Any CPU.ActiveCfg = Release|Any CPU
		{822A5B7B-58FC-475C-BA43-2CD9310CE7F3}.Release|Any CPU.Build.0 = Release|Any CPU
		{0840C9B7-7ADD-427B-850C-95E216CEDEBB}.Debug|Any CPU.ActiveCfg = Debug|Any CPU
		{0840C9B7-7ADD-427B-850C-95E216CEDEBB}.Debug|Any CPU.Build.0 = Debug|Any CPU
		{0840C9B7-7ADD-427B-850C-95E216CEDEBB}.Release|Any CPU.ActiveCfg = Release|Any CPU
		{0840C9B7-7ADD-427B-850C-95E216CEDEBB}.Release|Any CPU.Build.0 = Release|Any CPU
		{82D9B1D5-5091-4C53-A6F2-E5651F813745}.Debug|Any CPU.ActiveCfg = Debug|Any CPU
		{82D9B1D5-5091-4C53-A6F2-E5651F813745}.Debug|Any CPU.Build.0 = Debug|Any CPU
		{82D9B1D5-5091-4C53-A6F2-E5651F813745}.Release|Any CPU.ActiveCfg = Release|Any CPU
		{82D9B1D5-5091-4C53-A6F2-E5651F813745}.Release|Any CPU.Build.0 = Release|Any CPU
		{8DB5C0C7-2925-49BF-A64D-07ABB80A39C1}.Debug|Any CPU.ActiveCfg = Debug|Any CPU
		{8DB5C0C7-2925-49BF-A64D-07ABB80A39C1}.Debug|Any CPU.Build.0 = Debug|Any CPU
		{8DB5C0C7-2925-49BF-A64D-07ABB80A39C1}.Release|Any CPU.ActiveCfg = Release|Any CPU
		{8DB5C0C7-2925-49BF-A64D-07ABB80A39C1}.Release|Any CPU.Build.0 = Release|Any CPU
		{9B2072C9-F068-4957-A35A-0C5DF4069C33}.Debug|Any CPU.ActiveCfg = Debug|Any CPU
		{9B2072C9-F068-4957-A35A-0C5DF4069C33}.Debug|Any CPU.Build.0 = Debug|Any CPU
		{9B2072C9-F068-4957-A35A-0C5DF4069C33}.Release|Any CPU.ActiveCfg = Release|Any CPU
		{9B2072C9-F068-4957-A35A-0C5DF4069C33}.Release|Any CPU.Build.0 = Release|Any CPU
		{EBBB1EA4-2EC9-4512-BF52-BC7A885256BB}.Debug|Any CPU.ActiveCfg = Debug|Any CPU
		{EBBB1EA4-2EC9-4512-BF52-BC7A885256BB}.Debug|Any CPU.Build.0 = Debug|Any CPU
		{EBBB1EA4-2EC9-4512-BF52-BC7A885256BB}.Release|Any CPU.ActiveCfg = Release|Any CPU
		{EBBB1EA4-2EC9-4512-BF52-BC7A885256BB}.Release|Any CPU.Build.0 = Release|Any CPU
		{F4617F92-22DF-42E9-8E4E-F124CDBF992D}.Debug|Any CPU.ActiveCfg = Debug|Any CPU
		{F4617F92-22DF-42E9-8E4E-F124CDBF992D}.Debug|Any CPU.Build.0 = Debug|Any CPU
		{F4617F92-22DF-42E9-8E4E-F124CDBF992D}.Release|Any CPU.ActiveCfg = Release|Any CPU
		{F4617F92-22DF-42E9-8E4E-F124CDBF992D}.Release|Any CPU.Build.0 = Release|Any CPU
		{4881CA49-5882-41CF-9306-76A2AAD83189}.Debug|Any CPU.ActiveCfg = Debug|Any CPU
		{4881CA49-5882-41CF-9306-76A2AAD83189}.Debug|Any CPU.Build.0 = Debug|Any CPU
		{4881CA49-5882-41CF-9306-76A2AAD83189}.Release|Any CPU.ActiveCfg = Release|Any CPU
		{4881CA49-5882-41CF-9306-76A2AAD83189}.Release|Any CPU.Build.0 = Release|Any CPU
		{E9139D3C-29A4-42D6-BBDF-F3C47FEB0FFD}.Debug|Any CPU.ActiveCfg = Debug|Any CPU
		{E9139D3C-29A4-42D6-BBDF-F3C47FEB0FFD}.Debug|Any CPU.Build.0 = Debug|Any CPU
		{E9139D3C-29A4-42D6-BBDF-F3C47FEB0FFD}.Release|Any CPU.ActiveCfg = Release|Any CPU
		{E9139D3C-29A4-42D6-BBDF-F3C47FEB0FFD}.Release|Any CPU.Build.0 = Release|Any CPU
		{042F02A4-810A-45F2-BF8C-2998E646505A}.Debug|Any CPU.ActiveCfg = Debug|Any CPU
		{042F02A4-810A-45F2-BF8C-2998E646505A}.Debug|Any CPU.Build.0 = Debug|Any CPU
		{042F02A4-810A-45F2-BF8C-2998E646505A}.Release|Any CPU.ActiveCfg = Release|Any CPU
		{042F02A4-810A-45F2-BF8C-2998E646505A}.Release|Any CPU.Build.0 = Release|Any CPU
		{F5A6B8E9-4217-4FFC-B1E6-CF4605A55502}.Debug|Any CPU.ActiveCfg = Debug|Any CPU
		{F5A6B8E9-4217-4FFC-B1E6-CF4605A55502}.Debug|Any CPU.Build.0 = Debug|Any CPU
		{F5A6B8E9-4217-4FFC-B1E6-CF4605A55502}.Release|Any CPU.ActiveCfg = Release|Any CPU
		{F5A6B8E9-4217-4FFC-B1E6-CF4605A55502}.Release|Any CPU.Build.0 = Release|Any CPU
		{EC173C7D-CFD0-44BA-BCAB-DC5BA198F44E}.Debug|Any CPU.ActiveCfg = Debug|Any CPU
		{EC173C7D-CFD0-44BA-BCAB-DC5BA198F44E}.Debug|Any CPU.Build.0 = Debug|Any CPU
		{EC173C7D-CFD0-44BA-BCAB-DC5BA198F44E}.Release|Any CPU.ActiveCfg = Release|Any CPU
		{EC173C7D-CFD0-44BA-BCAB-DC5BA198F44E}.Release|Any CPU.Build.0 = Release|Any CPU
	EndGlobalSection
	GlobalSection(SolutionProperties) = preSolution
		HideSolutionNode = FALSE
	EndGlobalSection
	GlobalSection(NestedProjects) = preSolution
		{CB8A6D9F-3520-4A5E-B51C-22802FEF0049} = {9772DB5F-4876-4BB5-93FD-403BF42CF5AB}
		{5AEB1A11-CF8C-43FB-B27F-77BFBF63637D} = {9772DB5F-4876-4BB5-93FD-403BF42CF5AB}
		{25993479-0271-444F-B939-82C99F4D8FFD} = {9772DB5F-4876-4BB5-93FD-403BF42CF5AB}
		{1F29DC11-CDE6-4295-BE5E-79626247ADF3} = {9772DB5F-4876-4BB5-93FD-403BF42CF5AB}
		{822A5B7B-58FC-475C-BA43-2CD9310CE7F3} = {9772DB5F-4876-4BB5-93FD-403BF42CF5AB}
		{74C6938E-F6A0-48D9-943B-8A03B50E6B30} = {B5290F1B-492D-45BF-B2E5-AC1C78554377}
		{0840C9B7-7ADD-427B-850C-95E216CEDEBB} = {74C6938E-F6A0-48D9-943B-8A03B50E6B30}
		{82D9B1D5-5091-4C53-A6F2-E5651F813745} = {74C6938E-F6A0-48D9-943B-8A03B50E6B30}
		{8DB5C0C7-2925-49BF-A64D-07ABB80A39C1} = {74C6938E-F6A0-48D9-943B-8A03B50E6B30}
		{9B2072C9-F068-4957-A35A-0C5DF4069C33} = {9772DB5F-4876-4BB5-93FD-403BF42CF5AB}
		{EBBB1EA4-2EC9-4512-BF52-BC7A885256BB} = {9772DB5F-4876-4BB5-93FD-403BF42CF5AB}
		{F4617F92-22DF-42E9-8E4E-F124CDBF992D} = {9772DB5F-4876-4BB5-93FD-403BF42CF5AB}
		{4881CA49-5882-41CF-9306-76A2AAD83189} = {74C6938E-F6A0-48D9-943B-8A03B50E6B30}
		{51DFF5F4-4789-4979-99D2-2FA0CD0F93BC} = {B5290F1B-492D-45BF-B2E5-AC1C78554377}
		{E9139D3C-29A4-42D6-BBDF-F3C47FEB0FFD} = {51DFF5F4-4789-4979-99D2-2FA0CD0F93BC}
		{6F665252-77AF-4D75-8835-CB03C8A7358E} = {B5290F1B-492D-45BF-B2E5-AC1C78554377}
		{042F02A4-810A-45F2-BF8C-2998E646505A} = {6F665252-77AF-4D75-8835-CB03C8A7358E}
		{F5A6B8E9-4217-4FFC-B1E6-CF4605A55502} = {6F665252-77AF-4D75-8835-CB03C8A7358E}
		{EC173C7D-CFD0-44BA-BCAB-DC5BA198F44E} = {6F665252-77AF-4D75-8835-CB03C8A7358E}
	EndGlobalSection
	GlobalSection(ExtensibilityGlobals) = postSolution
		SolutionGuid = {B0E2E3E7-E20A-4DA1-B6CE-E3DC2AEC57F4}
	EndGlobalSection
EndGlobal
